
Microsoft Visual Studio Solution File, Format Version 12.00
# Visual Studio Version 16
VisualStudioVersion = 16.0.29424.173
MinimumVisualStudioVersion = 10.0.40219.1
Project("{FAE04EC0-301F-11D3-BF4B-00C04F79EFBC}") = "ConsoleApp3client", "ConsoleApp3client\ConsoleApp3client.csproj", "{D3FD2006-5838-4302-A089-5B9AE84D468E}"
EndProject
Global
	GlobalSection(SolutionConfigurationPlatforms) = preSolution
		Debug|Any CPU = Debug|Any CPU
		Release|Any CPU = Release|Any CPU
	EndGlobalSection
	GlobalSection(ProjectConfigurationPlatforms) = postSolution
		{D3FD2006-5838-4302-A089-5B9AE84D468E}.Debug|Any CPU.ActiveCfg = Debug|Any CPU
		{D3FD2006-5838-4302-A089-5B9AE84D468E}.Debug|Any CPU.Build.0 = Debug|Any CPU
		{D3FD2006-5838-4302-A089-5B9AE84D468E}.Release|Any CPU.ActiveCfg = Release|Any CPU
		{D3FD2006-5838-4302-A089-5B9AE84D468E}.Release|Any CPU.Build.0 = Release|Any CPU
	EndGlobalSection
	GlobalSection(SolutionProperties) = preSolution
		HideSolutionNode = FALSE
	EndGlobalSection
	GlobalSection(ExtensibilityGlobals) = postSolution
		SolutionGuid = {AC633959-F53D-4AE9-9B52-583984962A4B}
	EndGlobalSection
EndGlobal
